
Microsoft Visual Studio Solution File, Format Version 12.00
# Visual Studio 14
VisualStudioVersion = 14.0.24720.0
MinimumVisualStudioVersion = 10.0.40219.1
Project("{FAE04EC0-301F-11D3-BF4B-00C04F79EFBC}") = "CommandBus", "src\CommandBus\CommandBus.csproj", "{DA6DDC91-2234-48B9-95B3-9792BDB6E213}"
EndProject
Project("{2150E333-8FDC-42A3-9474-1A3956D46DE8}") = "examples", "examples", "{297D4E0F-9BEE-48D3-AD4A-29FA4FE1DADE}"
EndProject
Project("{FAE04EC0-301F-11D3-BF4B-00C04F79EFBC}") = "Example", "src\examples\Example\Example.csproj", "{839B05DB-E759-4710-90CA-F61C5E47ADB2}"
EndProject
Project("{FAE04EC0-301F-11D3-BF4B-00C04F79EFBC}") = "CommandBus.StructureMap", "src\CommandBus.StructureMap\CommandBus.StructureMap.csproj", "{CE61D3F2-2A53-400F-89F0-A4FF5122606D}"
EndProject
Project("{FAE04EC0-301F-11D3-BF4B-00C04F79EFBC}") = "CommandBus.Autofac", "src\CommandBus.Autofac\CommandBus.Autofac.csproj", "{06DED839-1610-40B6-918B-43E1BDD84A69}"
EndProject
Global
	GlobalSection(SolutionConfigurationPlatforms) = preSolution
		Debug|Any CPU = Debug|Any CPU
		Debug|Mixed Platforms = Debug|Mixed Platforms
		Debug|x86 = Debug|x86
		Release|Any CPU = Release|Any CPU
		Release|Mixed Platforms = Release|Mixed Platforms
		Release|x86 = Release|x86
	EndGlobalSection
	GlobalSection(ProjectConfigurationPlatforms) = postSolution
		{DA6DDC91-2234-48B9-95B3-9792BDB6E213}.Debug|Any CPU.ActiveCfg = Debug|Any CPU
		{DA6DDC91-2234-48B9-95B3-9792BDB6E213}.Debug|Any CPU.Build.0 = Debug|Any CPU
		{DA6DDC91-2234-48B9-95B3-9792BDB6E213}.Debug|Mixed Platforms.ActiveCfg = Debug|Any CPU
		{DA6DDC91-2234-48B9-95B3-9792BDB6E213}.Debug|Mixed Platforms.Build.0 = Debug|Any CPU
		{DA6DDC91-2234-48B9-95B3-9792BDB6E213}.Debug|x86.ActiveCfg = Debug|Any CPU
		{DA6DDC91-2234-48B9-95B3-9792BDB6E213}.Release|Any CPU.ActiveCfg = Release|Any CPU
		{DA6DDC91-2234-48B9-95B3-9792BDB6E213}.Release|Any CPU.Build.0 = Release|Any CPU
		{DA6DDC91-2234-48B9-95B3-9792BDB6E213}.Release|Mixed Platforms.ActiveCfg = Release|Any CPU
		{DA6DDC91-2234-48B9-95B3-9792BDB6E213}.Release|Mixed Platforms.Build.0 = Release|Any CPU
		{DA6DDC91-2234-48B9-95B3-9792BDB6E213}.Release|x86.ActiveCfg = Release|Any CPU
		{839B05DB-E759-4710-90CA-F61C5E47ADB2}.Debug|Any CPU.ActiveCfg = Debug|x86
		{839B05DB-E759-4710-90CA-F61C5E47ADB2}.Debug|Any CPU.Build.0 = Debug|x86
		{839B05DB-E759-4710-90CA-F61C5E47ADB2}.Debug|Mixed Platforms.ActiveCfg = Debug|x86
		{839B05DB-E759-4710-90CA-F61C5E47ADB2}.Debug|Mixed Platforms.Build.0 = Debug|x86
		{839B05DB-E759-4710-90CA-F61C5E47ADB2}.Debug|x86.ActiveCfg = Debug|x86
		{839B05DB-E759-4710-90CA-F61C5E47ADB2}.Debug|x86.Build.0 = Debug|x86
		{839B05DB-E759-4710-90CA-F61C5E47ADB2}.Release|Any CPU.ActiveCfg = Release|x86
		{839B05DB-E759-4710-90CA-F61C5E47ADB2}.Release|Mixed Platforms.ActiveCfg = Release|x86
		{839B05DB-E759-4710-90CA-F61C5E47ADB2}.Release|Mixed Platforms.Build.0 = Release|x86
		{839B05DB-E759-4710-90CA-F61C5E47ADB2}.Release|x86.ActiveCfg = Release|x86
		{839B05DB-E759-4710-90CA-F61C5E47ADB2}.Release|x86.Build.0 = Release|x86
		{CE61D3F2-2A53-400F-89F0-A4FF5122606D}.Debug|Any CPU.ActiveCfg = Debug|Any CPU
		{CE61D3F2-2A53-400F-89F0-A4FF5122606D}.Debug|Any CPU.Build.0 = Debug|Any CPU
		{CE61D3F2-2A53-400F-89F0-A4FF5122606D}.Debug|Mixed Platforms.ActiveCfg = Debug|Any CPU
		{CE61D3F2-2A53-400F-89F0-A4FF5122606D}.Debug|Mixed Platforms.Build.0 = Debug|Any CPU
		{CE61D3F2-2A53-400F-89F0-A4FF5122606D}.Debug|x86.ActiveCfg = Debug|Any CPU
		{CE61D3F2-2A53-400F-89F0-A4FF5122606D}.Release|Any CPU.ActiveCfg = Release|Any CPU
		{CE61D3F2-2A53-400F-89F0-A4FF5122606D}.Release|Any CPU.Build.0 = Release|Any CPU
		{CE61D3F2-2A53-400F-89F0-A4FF5122606D}.Release|Mixed Platforms.ActiveCfg = Release|Any CPU
		{CE61D3F2-2A53-400F-89F0-A4FF5122606D}.Release|Mixed Platforms.Build.0 = Release|Any CPU
		{CE61D3F2-2A53-400F-89F0-A4FF5122606D}.Release|x86.ActiveCfg = Release|Any CPU
		{06DED839-1610-40B6-918B-43E1BDD84A69}.Debug|Any CPU.ActiveCfg = Debug|Any CPU
		{06DED839-1610-40B6-918B-43E1BDD84A69}.Debug|Any CPU.Build.0 = Debug|Any CPU
		{06DED839-1610-40B6-918B-43E1BDD84A69}.Debug|Mixed Platforms.ActiveCfg = Debug|Any CPU
		{06DED839-1610-40B6-918B-43E1BDD84A69}.Debug|Mixed Platforms.Build.0 = Debug|Any CPU
		{06DED839-1610-40B6-918B-43E1BDD84A69}.Debug|x86.ActiveCfg = Debug|Any CPU
		{06DED839-1610-40B6-918B-43E1BDD84A69}.Debug|x86.Build.0 = Debug|Any CPU
		{06DED839-1610-40B6-918B-43E1BDD84A69}.Release|Any CPU.ActiveCfg = Release|Any CPU
		{06DED839-1610-40B6-918B-43E1BDD84A69}.Release|Any CPU.Build.0 = Release|Any CPU
		{06DED839-1610-40B6-918B-43E1BDD84A69}.Release|Mixed Platforms.ActiveCfg = Release|Any CPU
		{06DED839-1610-40B6-918B-43E1BDD84A69}.Release|Mixed Platforms.Build.0 = Release|Any CPU
		{06DED839-1610-40B6-918B-43E1BDD84A69}.Release|x86.ActiveCfg = Release|Any CPU
		{06DED839-1610-40B6-918B-43E1BDD84A69}.Release|x86.Build.0 = Release|Any CPU
	EndGlobalSection
	GlobalSection(SolutionProperties) = preSolution
		HideSolutionNode = FALSE
	EndGlobalSection
	GlobalSection(NestedProjects) = preSolution
		{839B05DB-E759-4710-90CA-F61C5E47ADB2} = {297D4E0F-9BEE-48D3-AD4A-29FA4FE1DADE}
	EndGlobalSection
EndGlobal
